# This file is automatically @generated by Cargo.
# It is not intended for manual editing.
version = 3

[[package]]
name = "more-asserts"
version = "0.3.0"
source = "registry+https://github.com/rust-lang/crates.io-index"
checksum = "5474f8732dc7e0635ae9df6595bcd39cd30e3cfe8479850d4fa3e69306c19712"

[[package]]
name = "penguincrab"
version = "0.1.1"
dependencies = [
 "more-asserts",
]
